
Microsoft Visual Studio Solution File, Format Version 12.00
# Visual Studio Version 17
VisualStudioVersion = 17.4.33205.214
MinimumVisualStudioVersion = 10.0.40219.1
Project("{FAE04EC0-301F-11D3-BF4B-00C04F79EFBC}") = "Exam_IT", "Exam_IT.csproj", "{80B83A1E-69F5-45FA-B99C-42F12A8110CF}"
EndProject
Global
	GlobalSection(SolutionConfigurationPlatforms) = preSolution
		Debug|Any CPU = Debug|Any CPU
		Release|Any CPU = Release|Any CPU
	EndGlobalSection
	GlobalSection(ProjectConfigurationPlatforms) = postSolution
		{80B83A1E-69F5-45FA-B99C-42F12A8110CF}.Debug|Any CPU.ActiveCfg = Debug|Any CPU
		{80B83A1E-69F5-45FA-B99C-42F12A8110CF}.Debug|Any CPU.Build.0 = Debug|Any CPU
		{80B83A1E-69F5-45FA-B99C-42F12A8110CF}.Release|Any CPU.ActiveCfg = Release|Any CPU
		{80B83A1E-69F5-45FA-B99C-42F12A8110CF}.Release|Any CPU.Build.0 = Release|Any CPU
	EndGlobalSection
	GlobalSection(SolutionProperties) = preSolution
		HideSolutionNode = FALSE
	EndGlobalSection
	GlobalSection(ExtensibilityGlobals) = postSolution
		SolutionGuid = {51F68CD9-B4C9-46B8-8054-9FCA5D4C0D0E}
	EndGlobalSection
EndGlobal
